
Microsoft Visual Studio Solution File, Format Version 12.00
# Visual Studio Version 16
VisualStudioVersion = 16.0.29926.136
MinimumVisualStudioVersion = 10.0.40219.1
Project("{FAE04EC0-301F-11D3-BF4B-00C04F79EFBC}") = "SimpleLogin", "SimpleLogin.csproj", "{38962262-E69E-483B-BEB9-53EA82185CAD}"
EndProject
Global
	GlobalSection(SolutionConfigurationPlatforms) = preSolution
		Debug|Any CPU = Debug|Any CPU
		Release|Any CPU = Release|Any CPU
	EndGlobalSection
	GlobalSection(ProjectConfigurationPlatforms) = postSolution
		{38962262-E69E-483B-BEB9-53EA82185CAD}.Debug|Any CPU.ActiveCfg = Debug|Any CPU
		{38962262-E69E-483B-BEB9-53EA82185CAD}.Debug|Any CPU.Build.0 = Debug|Any CPU
		{38962262-E69E-483B-BEB9-53EA82185CAD}.Release|Any CPU.ActiveCfg = Release|Any CPU
		{38962262-E69E-483B-BEB9-53EA82185CAD}.Release|Any CPU.Build.0 = Release|Any CPU
	EndGlobalSection
	GlobalSection(SolutionProperties) = preSolution
		HideSolutionNode = FALSE
	EndGlobalSection
	GlobalSection(ExtensibilityGlobals) = postSolution
		SolutionGuid = {0282A3C5-55A1-462F-BE41-0DD5D2CF7FE7}
	EndGlobalSection
EndGlobal
